
Microsoft Visual Studio Solution File, Format Version 12.00
# Visual Studio Version 17
VisualStudioVersion = 17.1.32421.90
MinimumVisualStudioVersion = 10.0.40219.1
Project("{2150E333-8FDC-42A3-9474-1A3956D46DE8}") = "1. Presentation Layer", "1. Presentation Layer", "{97BF13F0-7C69-451D-96BB-BF3D1F104A90}"
EndProject
Project("{2150E333-8FDC-42A3-9474-1A3956D46DE8}") = "2. Business Layer", "2. Business Layer", "{9C855A94-88BE-43F1-8337-3888F73E2C4A}"
EndProject
Project("{2150E333-8FDC-42A3-9474-1A3956D46DE8}") = "3. Data Layer", "3. Data Layer", "{FF5059D4-4DAE-41D5-A162-E5C9F656868D}"
EndProject
Project("{9A19103F-16F7-4668-BE54-9A1E7A4F7556}") = "BusinessObject", "BusinessObject\BusinessObject.csproj", "{6E7FE9AB-ED34-4A09-9624-D49684340B1E}"
EndProject
Project("{FAE04EC0-301F-11D3-BF4B-00C04F79EFBC}") = "eStore", "eStore\eStore.csproj", "{381E4770-70FD-44BC-ACB8-62F7583429E4}"
EndProject
Project("{FAE04EC0-301F-11D3-BF4B-00C04F79EFBC}") = "MemberDAO", "MemberDAO\MemberDAO.csproj", "{0CAACEFD-B586-43BB-84FB-244A08C4E4D1}"
EndProject
Project("{FAE04EC0-301F-11D3-BF4B-00C04F79EFBC}") = "ProductDAO", "ProductDAO\ProductDAO.csproj", "{117E5190-BC6C-4826-B878-A5577273F043}"
EndProject
Project("{FAE04EC0-301F-11D3-BF4B-00C04F79EFBC}") = "OrderDAO", "OrderDAO\OrderDAO.csproj", "{EAE4A777-DFEB-49D4-81DC-301246152725}"
EndProject
Project("{FAE04EC0-301F-11D3-BF4B-00C04F79EFBC}") = "OrderDetailDAO", "OrderDetailDAO\OrderDetailDAO.csproj", "{FA2F03D7-0481-4031-BF43-1FA28F4B1A23}"
EndProject
Project("{2150E333-8FDC-42A3-9474-1A3956D46DE8}") = "Repository", "Repository", "{D0612FED-A47E-457A-8759-5136401FF1F8}"
EndProject
Project("{FAE04EC0-301F-11D3-BF4B-00C04F79EFBC}") = "MemberRepository", "MemberRepository\MemberRepository.csproj", "{F01078DD-8A3C-4D97-AB79-87307ADD8639}"
EndProject
Project("{FAE04EC0-301F-11D3-BF4B-00C04F79EFBC}") = "ProductRepository", "ProductRepository\ProductRepository.csproj", "{2F1951B9-19A5-4678-B724-7B0A1D272DF2}"
EndProject
Project("{FAE04EC0-301F-11D3-BF4B-00C04F79EFBC}") = "OrderRepository", "OrderRepository\OrderRepository.csproj", "{CEE31929-686D-4597-BF0B-AC77D08AC7A4}"
EndProject
Project("{FAE04EC0-301F-11D3-BF4B-00C04F79EFBC}") = "OrderDetailRepository", "OrderDetailRepository\OrderDetailRepository.csproj", "{31073600-BA45-4ECA-B3DE-202CB65563F7}"
EndProject
Global
	GlobalSection(SolutionConfigurationPlatforms) = preSolution
		Debug|Any CPU = Debug|Any CPU
		Release|Any CPU = Release|Any CPU
	EndGlobalSection
	GlobalSection(ProjectConfigurationPlatforms) = postSolution
		{6E7FE9AB-ED34-4A09-9624-D49684340B1E}.Debug|Any CPU.ActiveCfg = Debug|Any CPU
		{6E7FE9AB-ED34-4A09-9624-D49684340B1E}.Debug|Any CPU.Build.0 = Debug|Any CPU
		{6E7FE9AB-ED34-4A09-9624-D49684340B1E}.Release|Any CPU.ActiveCfg = Release|Any CPU
		{6E7FE9AB-ED34-4A09-9624-D49684340B1E}.Release|Any CPU.Build.0 = Release|Any CPU
		{381E4770-70FD-44BC-ACB8-62F7583429E4}.Debug|Any CPU.ActiveCfg = Debug|Any CPU
		{381E4770-70FD-44BC-ACB8-62F7583429E4}.Debug|Any CPU.Build.0 = Debug|Any CPU
		{381E4770-70FD-44BC-ACB8-62F7583429E4}.Release|Any CPU.ActiveCfg = Release|Any CPU
		{381E4770-70FD-44BC-ACB8-62F7583429E4}.Release|Any CPU.Build.0 = Release|Any CPU
		{0CAACEFD-B586-43BB-84FB-244A08C4E4D1}.Debug|Any CPU.ActiveCfg = Debug|Any CPU
		{0CAACEFD-B586-43BB-84FB-244A08C4E4D1}.Debug|Any CPU.Build.0 = Debug|Any CPU
		{0CAACEFD-B586-43BB-84FB-244A08C4E4D1}.Release|Any CPU.ActiveCfg = Release|Any CPU
		{0CAACEFD-B586-43BB-84FB-244A08C4E4D1}.Release|Any CPU.Build.0 = Release|Any CPU
		{117E5190-BC6C-4826-B878-A5577273F043}.Debug|Any CPU.ActiveCfg = Debug|Any CPU
		{117E5190-BC6C-4826-B878-A5577273F043}.Debug|Any CPU.Build.0 = Debug|Any CPU
		{117E5190-BC6C-4826-B878-A5577273F043}.Release|Any CPU.ActiveCfg = Release|Any CPU
		{117E5190-BC6C-4826-B878-A5577273F043}.Release|Any CPU.Build.0 = Release|Any CPU
		{EAE4A777-DFEB-49D4-81DC-301246152725}.Debug|Any CPU.ActiveCfg = Debug|Any CPU
		{EAE4A777-DFEB-49D4-81DC-301246152725}.Debug|Any CPU.Build.0 = Debug|Any CPU
		{EAE4A777-DFEB-49D4-81DC-301246152725}.Release|Any CPU.ActiveCfg = Release|Any CPU
		{EAE4A777-DFEB-49D4-81DC-301246152725}.Release|Any CPU.Build.0 = Release|Any CPU
		{FA2F03D7-0481-4031-BF43-1FA28F4B1A23}.Debug|Any CPU.ActiveCfg = Debug|Any CPU
		{FA2F03D7-0481-4031-BF43-1FA28F4B1A23}.Debug|Any CPU.Build.0 = Debug|Any CPU
		{FA2F03D7-0481-4031-BF43-1FA28F4B1A23}.Release|Any CPU.ActiveCfg = Release|Any CPU
		{FA2F03D7-0481-4031-BF43-1FA28F4B1A23}.Release|Any CPU.Build.0 = Release|Any CPU
		{F01078DD-8A3C-4D97-AB79-87307ADD8639}.Debug|Any CPU.ActiveCfg = Debug|Any CPU
		{F01078DD-8A3C-4D97-AB79-87307ADD8639}.Debug|Any CPU.Build.0 = Debug|Any CPU
		{F01078DD-8A3C-4D97-AB79-87307ADD8639}.Release|Any CPU.ActiveCfg = Release|Any CPU
		{F01078DD-8A3C-4D97-AB79-87307ADD8639}.Release|Any CPU.Build.0 = Release|Any CPU
		{2F1951B9-19A5-4678-B724-7B0A1D272DF2}.Debug|Any CPU.ActiveCfg = Debug|Any CPU
		{2F1951B9-19A5-4678-B724-7B0A1D272DF2}.Debug|Any CPU.Build.0 = Debug|Any CPU
		{2F1951B9-19A5-4678-B724-7B0A1D272DF2}.Release|Any CPU.ActiveCfg = Release|Any CPU
		{2F1951B9-19A5-4678-B724-7B0A1D272DF2}.Release|Any CPU.Build.0 = Release|Any CPU
		{CEE31929-686D-4597-BF0B-AC77D08AC7A4}.Debug|Any CPU.ActiveCfg = Debug|Any CPU
		{CEE31929-686D-4597-BF0B-AC77D08AC7A4}.Debug|Any CPU.Build.0 = Debug|Any CPU
		{CEE31929-686D-4597-BF0B-AC77D08AC7A4}.Release|Any CPU.ActiveCfg = Release|Any CPU
		{CEE31929-686D-4597-BF0B-AC77D08AC7A4}.Release|Any CPU.Build.0 = Release|Any CPU
		{31073600-BA45-4ECA-B3DE-202CB65563F7}.Debug|Any CPU.ActiveCfg = Debug|Any CPU
		{31073600-BA45-4ECA-B3DE-202CB65563F7}.Debug|Any CPU.Build.0 = Debug|Any CPU
		{31073600-BA45-4ECA-B3DE-202CB65563F7}.Release|Any CPU.ActiveCfg = Release|Any CPU
		{31073600-BA45-4ECA-B3DE-202CB65563F7}.Release|Any CPU.Build.0 = Release|Any CPU
	EndGlobalSection
	GlobalSection(SolutionProperties) = preSolution
		HideSolutionNode = FALSE
	EndGlobalSection
	GlobalSection(NestedProjects) = preSolution
		{6E7FE9AB-ED34-4A09-9624-D49684340B1E} = {9C855A94-88BE-43F1-8337-3888F73E2C4A}
		{381E4770-70FD-44BC-ACB8-62F7583429E4} = {97BF13F0-7C69-451D-96BB-BF3D1F104A90}
		{0CAACEFD-B586-43BB-84FB-244A08C4E4D1} = {FF5059D4-4DAE-41D5-A162-E5C9F656868D}
		{117E5190-BC6C-4826-B878-A5577273F043} = {FF5059D4-4DAE-41D5-A162-E5C9F656868D}
		{EAE4A777-DFEB-49D4-81DC-301246152725} = {FF5059D4-4DAE-41D5-A162-E5C9F656868D}
		{FA2F03D7-0481-4031-BF43-1FA28F4B1A23} = {FF5059D4-4DAE-41D5-A162-E5C9F656868D}
		{D0612FED-A47E-457A-8759-5136401FF1F8} = {FF5059D4-4DAE-41D5-A162-E5C9F656868D}
		{F01078DD-8A3C-4D97-AB79-87307ADD8639} = {D0612FED-A47E-457A-8759-5136401FF1F8}
		{2F1951B9-19A5-4678-B724-7B0A1D272DF2} = {D0612FED-A47E-457A-8759-5136401FF1F8}
		{CEE31929-686D-4597-BF0B-AC77D08AC7A4} = {D0612FED-A47E-457A-8759-5136401FF1F8}
		{31073600-BA45-4ECA-B3DE-202CB65563F7} = {D0612FED-A47E-457A-8759-5136401FF1F8}
	EndGlobalSection
	GlobalSection(ExtensibilityGlobals) = postSolution
		SolutionGuid = {314F2B44-80E1-4055-9444-523BA427488F}
	EndGlobalSection
EndGlobal
