
Microsoft Visual Studio Solution File, Format Version 12.00
# Visual Studio Version 17
VisualStudioVersion = 17.1.32421.90
MinimumVisualStudioVersion = 10.0.40219.1
Project("{2150E333-8FDC-42A3-9474-1A3956D46DE8}") = "1. Presentation Layer", "1. Presentation Layer", "{97BF13F0-7C69-451D-96BB-BF3D1F104A90}"
EndProject
Project("{2150E333-8FDC-42A3-9474-1A3956D46DE8}") = "2. Business Layer", "2. Business Layer", "{9C855A94-88BE-43F1-8337-3888F73E2C4A}"
EndProject
Project("{9A19103F-16F7-4668-BE54-9A1E7A4F7556}") = "BusinessObject", "BusinessObject\BusinessObject.csproj", "{6E7FE9AB-ED34-4A09-9624-D49684340B1E}"
EndProject
Project("{FAE04EC0-301F-11D3-BF4B-00C04F79EFBC}") = "eStore", "eStore\eStore.csproj", "{381E4770-70FD-44BC-ACB8-62F7583429E4}"
EndProject
Global
	GlobalSection(SolutionConfigurationPlatforms) = preSolution
		Debug|Any CPU = Debug|Any CPU
		Release|Any CPU = Release|Any CPU
	EndGlobalSection
	GlobalSection(ProjectConfigurationPlatforms) = postSolution
		{6E7FE9AB-ED34-4A09-9624-D49684340B1E}.Debug|Any CPU.ActiveCfg = Debug|Any CPU
		{6E7FE9AB-ED34-4A09-9624-D49684340B1E}.Debug|Any CPU.Build.0 = Debug|Any CPU
		{6E7FE9AB-ED34-4A09-9624-D49684340B1E}.Release|Any CPU.ActiveCfg = Release|Any CPU
		{6E7FE9AB-ED34-4A09-9624-D49684340B1E}.Release|Any CPU.Build.0 = Release|Any CPU
		{381E4770-70FD-44BC-ACB8-62F7583429E4}.Debug|Any CPU.ActiveCfg = Debug|Any CPU
		{381E4770-70FD-44BC-ACB8-62F7583429E4}.Debug|Any CPU.Build.0 = Debug|Any CPU
		{381E4770-70FD-44BC-ACB8-62F7583429E4}.Release|Any CPU.ActiveCfg = Release|Any CPU
		{381E4770-70FD-44BC-ACB8-62F7583429E4}.Release|Any CPU.Build.0 = Release|Any CPU
	EndGlobalSection
	GlobalSection(SolutionProperties) = preSolution
		HideSolutionNode = FALSE
	EndGlobalSection
	GlobalSection(NestedProjects) = preSolution
		{6E7FE9AB-ED34-4A09-9624-D49684340B1E} = {9C855A94-88BE-43F1-8337-3888F73E2C4A}
		{381E4770-70FD-44BC-ACB8-62F7583429E4} = {97BF13F0-7C69-451D-96BB-BF3D1F104A90}
	EndGlobalSection
	GlobalSection(ExtensibilityGlobals) = postSolution
		SolutionGuid = {314F2B44-80E1-4055-9444-523BA427488F}
	EndGlobalSection
EndGlobal
